
Microsoft Visual Studio Solution File, Format Version 12.00
# Visual Studio 2013
VisualStudioVersion = 12.0.30501.0
MinimumVisualStudioVersion = 10.0.40219.1
Project("{FAE04EC0-301F-11D3-BF4B-00C04F79EFBC}") = "AdapterExample-CleanCodeBoundaries", "AdapterExample-CleanCodeBoundaries\AdapterExample-CleanCodeBoundaries.csproj", "{0899D065-A2F5-4B97-B189-A6B94ACFAAF7}"
	ProjectSection(ProjectDependencies) = postProject
		{3311B189-9879-401E-A484-39D5AF999D24} = {3311B189-9879-401E-A484-39D5AF999D24}
	EndProjectSection
EndProject
Project("{FAE04EC0-301F-11D3-BF4B-00C04F79EFBC}") = "FileAPI", "FileAPI\FileAPI.csproj", "{3311B189-9879-401E-A484-39D5AF999D24}"
EndProject
Project("{FAE04EC0-301F-11D3-BF4B-00C04F79EFBC}") = "TestPatterns", "TestPatterns\TestPatterns.csproj", "{02BC3266-1A84-4349-A55D-698A2B869333}"
	ProjectSection(ProjectDependencies) = postProject
		{0899D065-A2F5-4B97-B189-A6B94ACFAAF7} = {0899D065-A2F5-4B97-B189-A6B94ACFAAF7}
		{3311B189-9879-401E-A484-39D5AF999D24} = {3311B189-9879-401E-A484-39D5AF999D24}
	EndProjectSection
EndProject
Global
	GlobalSection(SolutionConfigurationPlatforms) = preSolution
		Debug|Any CPU = Debug|Any CPU
		Debug|ARM = Debug|ARM
		Debug|x64 = Debug|x64
		Debug|x86 = Debug|x86
		Release|Any CPU = Release|Any CPU
		Release|ARM = Release|ARM
		Release|x64 = Release|x64
		Release|x86 = Release|x86
	EndGlobalSection
	GlobalSection(ProjectConfigurationPlatforms) = postSolution
		{0899D065-A2F5-4B97-B189-A6B94ACFAAF7}.Debug|Any CPU.ActiveCfg = Debug|Any CPU
		{0899D065-A2F5-4B97-B189-A6B94ACFAAF7}.Debug|Any CPU.Build.0 = Debug|Any CPU
		{0899D065-A2F5-4B97-B189-A6B94ACFAAF7}.Debug|ARM.ActiveCfg = Debug|Any CPU
		{0899D065-A2F5-4B97-B189-A6B94ACFAAF7}.Debug|x64.ActiveCfg = Debug|Any CPU
		{0899D065-A2F5-4B97-B189-A6B94ACFAAF7}.Debug|x86.ActiveCfg = Debug|Any CPU
		{0899D065-A2F5-4B97-B189-A6B94ACFAAF7}.Release|Any CPU.ActiveCfg = Release|Any CPU
		{0899D065-A2F5-4B97-B189-A6B94ACFAAF7}.Release|Any CPU.Build.0 = Release|Any CPU
		{0899D065-A2F5-4B97-B189-A6B94ACFAAF7}.Release|ARM.ActiveCfg = Release|Any CPU
		{0899D065-A2F5-4B97-B189-A6B94ACFAAF7}.Release|x64.ActiveCfg = Release|Any CPU
		{0899D065-A2F5-4B97-B189-A6B94ACFAAF7}.Release|x86.ActiveCfg = Release|Any CPU
		{3311B189-9879-401E-A484-39D5AF999D24}.Debug|Any CPU.ActiveCfg = Debug|Any CPU
		{3311B189-9879-401E-A484-39D5AF999D24}.Debug|Any CPU.Build.0 = Debug|Any CPU
		{3311B189-9879-401E-A484-39D5AF999D24}.Debug|ARM.ActiveCfg = Debug|Any CPU
		{3311B189-9879-401E-A484-39D5AF999D24}.Debug|x64.ActiveCfg = Debug|Any CPU
		{3311B189-9879-401E-A484-39D5AF999D24}.Debug|x86.ActiveCfg = Debug|Any CPU
		{3311B189-9879-401E-A484-39D5AF999D24}.Release|Any CPU.ActiveCfg = Release|Any CPU
		{3311B189-9879-401E-A484-39D5AF999D24}.Release|Any CPU.Build.0 = Release|Any CPU
		{3311B189-9879-401E-A484-39D5AF999D24}.Release|ARM.ActiveCfg = Release|Any CPU
		{3311B189-9879-401E-A484-39D5AF999D24}.Release|x64.ActiveCfg = Release|Any CPU
		{3311B189-9879-401E-A484-39D5AF999D24}.Release|x86.ActiveCfg = Release|Any CPU
		{02BC3266-1A84-4349-A55D-698A2B869333}.Debug|Any CPU.ActiveCfg = Debug|Any CPU
		{02BC3266-1A84-4349-A55D-698A2B869333}.Debug|Any CPU.Build.0 = Debug|Any CPU
		{02BC3266-1A84-4349-A55D-698A2B869333}.Debug|ARM.ActiveCfg = Debug|Any CPU
		{02BC3266-1A84-4349-A55D-698A2B869333}.Debug|x64.ActiveCfg = Debug|Any CPU
		{02BC3266-1A84-4349-A55D-698A2B869333}.Debug|x86.ActiveCfg = Debug|Any CPU
		{02BC3266-1A84-4349-A55D-698A2B869333}.Release|Any CPU.ActiveCfg = Release|Any CPU
		{02BC3266-1A84-4349-A55D-698A2B869333}.Release|Any CPU.Build.0 = Release|Any CPU
		{02BC3266-1A84-4349-A55D-698A2B869333}.Release|ARM.ActiveCfg = Release|Any CPU
		{02BC3266-1A84-4349-A55D-698A2B869333}.Release|x64.ActiveCfg = Release|Any CPU
		{02BC3266-1A84-4349-A55D-698A2B869333}.Release|x86.ActiveCfg = Release|Any CPU
	EndGlobalSection
	GlobalSection(SolutionProperties) = preSolution
		HideSolutionNode = FALSE
	EndGlobalSection
EndGlobal
